
Microsoft Visual Studio Solution File, Format Version 12.00
# Visual Studio Version 16
VisualStudioVersion = 16.0.30709.132
MinimumVisualStudioVersion = 10.0.40219.1
Project("{9A19103F-16F7-4668-BE54-9A1E7A4F7556}") = "SwapAdjacent", "SwapAdjacent\SwapAdjacent.csproj", "{AF4FEA11-9443-4C21-95DE-995421A5CA2E}"
EndProject
Project("{2150E333-8FDC-42A3-9474-1A3956D46DE8}") = "LinkedList", "LinkedList", "{BC42F549-8B49-403D-A48B-FC27FC0EE45E}"
EndProject
Project("{9A19103F-16F7-4668-BE54-9A1E7A4F7556}") = "SwapInKPairs", "SwapInKPairs\SwapInKPairs.csproj", "{3D25EEED-6D9C-4446-98B0-E9A946B757DB}"
EndProject
Project("{9A19103F-16F7-4668-BE54-9A1E7A4F7556}") = "ReverseII", "ReverseII\ReverseII.csproj", "{C25D9123-29B9-4456-A48F-9D3D9E7649BB}"
EndProject
Project("{2150E333-8FDC-42A3-9474-1A3956D46DE8}") = "Tree", "Tree", "{47590640-D2F2-42AA-A507-56AABF13D951}"
EndProject
Project("{9A19103F-16F7-4668-BE54-9A1E7A4F7556}") = "InorderTraversal", "InorderTraversal\InorderTraversal.csproj", "{D09882B7-FCDA-4065-A7EF-95DA7D90E727}"
EndProject
Project("{9A19103F-16F7-4668-BE54-9A1E7A4F7556}") = "LevelOrderTraversal", "LevelOrderTraversal\LevelOrderTraversal.csproj", "{C2B6D78A-1E10-43DA-BBC6-A996F875116D}"
EndProject
Project("{9A19103F-16F7-4668-BE54-9A1E7A4F7556}") = "ValidateBST", "ValidateBST\ValidateBST.csproj", "{6414E8FB-C23D-4457-996C-0F6644646A88}"
EndProject
Project("{9A19103F-16F7-4668-BE54-9A1E7A4F7556}") = "PostorderTraversal", "PostorderTraversal\PostorderTraversal.csproj", "{A291AA59-5FBC-4201-B4B5-139A87122B03}"
EndProject
Project("{9A19103F-16F7-4668-BE54-9A1E7A4F7556}") = "InorderSuccessor", "InorderSuccessor\InorderSuccessor.csproj", "{A393017C-CC7F-498B-8CEC-28D6BC4B273E}"
EndProject
Project("{9A19103F-16F7-4668-BE54-9A1E7A4F7556}") = "DeleteNodeBST", "DeleteNodeBST\DeleteNodeBST.csproj", "{ABFE9AA9-DE41-4A21-8E8B-6314FE4C2191}"
EndProject
Project("{2150E333-8FDC-42A3-9474-1A3956D46DE8}") = "Bits", "Bits", "{0F60219B-8DAD-4CC2-8E2A-ACCB35B8C2E0}"
EndProject
Project("{FAE04EC0-301F-11D3-BF4B-00C04F79EFBC}") = "ReverseBits", "ReverseBits\ReverseBits.csproj", "{61A33296-366A-4C37-BFDF-664A1A324161}"
EndProject
Global
	GlobalSection(SolutionConfigurationPlatforms) = preSolution
		Debug|Any CPU = Debug|Any CPU
		Release|Any CPU = Release|Any CPU
	EndGlobalSection
	GlobalSection(ProjectConfigurationPlatforms) = postSolution
		{AF4FEA11-9443-4C21-95DE-995421A5CA2E}.Debug|Any CPU.ActiveCfg = Debug|Any CPU
		{AF4FEA11-9443-4C21-95DE-995421A5CA2E}.Debug|Any CPU.Build.0 = Debug|Any CPU
		{AF4FEA11-9443-4C21-95DE-995421A5CA2E}.Release|Any CPU.ActiveCfg = Release|Any CPU
		{AF4FEA11-9443-4C21-95DE-995421A5CA2E}.Release|Any CPU.Build.0 = Release|Any CPU
		{3D25EEED-6D9C-4446-98B0-E9A946B757DB}.Debug|Any CPU.ActiveCfg = Debug|Any CPU
		{3D25EEED-6D9C-4446-98B0-E9A946B757DB}.Debug|Any CPU.Build.0 = Debug|Any CPU
		{3D25EEED-6D9C-4446-98B0-E9A946B757DB}.Release|Any CPU.ActiveCfg = Release|Any CPU
		{3D25EEED-6D9C-4446-98B0-E9A946B757DB}.Release|Any CPU.Build.0 = Release|Any CPU
		{C25D9123-29B9-4456-A48F-9D3D9E7649BB}.Debug|Any CPU.ActiveCfg = Debug|Any CPU
		{C25D9123-29B9-4456-A48F-9D3D9E7649BB}.Debug|Any CPU.Build.0 = Debug|Any CPU
		{C25D9123-29B9-4456-A48F-9D3D9E7649BB}.Release|Any CPU.ActiveCfg = Release|Any CPU
		{C25D9123-29B9-4456-A48F-9D3D9E7649BB}.Release|Any CPU.Build.0 = Release|Any CPU
		{D09882B7-FCDA-4065-A7EF-95DA7D90E727}.Debug|Any CPU.ActiveCfg = Debug|Any CPU
		{D09882B7-FCDA-4065-A7EF-95DA7D90E727}.Debug|Any CPU.Build.0 = Debug|Any CPU
		{D09882B7-FCDA-4065-A7EF-95DA7D90E727}.Release|Any CPU.ActiveCfg = Release|Any CPU
		{D09882B7-FCDA-4065-A7EF-95DA7D90E727}.Release|Any CPU.Build.0 = Release|Any CPU
		{C2B6D78A-1E10-43DA-BBC6-A996F875116D}.Debug|Any CPU.ActiveCfg = Debug|Any CPU
		{C2B6D78A-1E10-43DA-BBC6-A996F875116D}.Debug|Any CPU.Build.0 = Debug|Any CPU
		{C2B6D78A-1E10-43DA-BBC6-A996F875116D}.Release|Any CPU.ActiveCfg = Release|Any CPU
		{C2B6D78A-1E10-43DA-BBC6-A996F875116D}.Release|Any CPU.Build.0 = Release|Any CPU
		{6414E8FB-C23D-4457-996C-0F6644646A88}.Debug|Any CPU.ActiveCfg = Debug|Any CPU
		{6414E8FB-C23D-4457-996C-0F6644646A88}.Debug|Any CPU.Build.0 = Debug|Any CPU
		{6414E8FB-C23D-4457-996C-0F6644646A88}.Release|Any CPU.ActiveCfg = Release|Any CPU
		{6414E8FB-C23D-4457-996C-0F6644646A88}.Release|Any CPU.Build.0 = Release|Any CPU
		{A291AA59-5FBC-4201-B4B5-139A87122B03}.Debug|Any CPU.ActiveCfg = Debug|Any CPU
		{A291AA59-5FBC-4201-B4B5-139A87122B03}.Debug|Any CPU.Build.0 = Debug|Any CPU
		{A291AA59-5FBC-4201-B4B5-139A87122B03}.Release|Any CPU.ActiveCfg = Release|Any CPU
		{A291AA59-5FBC-4201-B4B5-139A87122B03}.Release|Any CPU.Build.0 = Release|Any CPU
		{A393017C-CC7F-498B-8CEC-28D6BC4B273E}.Debug|Any CPU.ActiveCfg = Debug|Any CPU
		{A393017C-CC7F-498B-8CEC-28D6BC4B273E}.Debug|Any CPU.Build.0 = Debug|Any CPU
		{A393017C-CC7F-498B-8CEC-28D6BC4B273E}.Release|Any CPU.ActiveCfg = Release|Any CPU
		{A393017C-CC7F-498B-8CEC-28D6BC4B273E}.Release|Any CPU.Build.0 = Release|Any CPU
		{ABFE9AA9-DE41-4A21-8E8B-6314FE4C2191}.Debug|Any CPU.ActiveCfg = Debug|Any CPU
		{ABFE9AA9-DE41-4A21-8E8B-6314FE4C2191}.Debug|Any CPU.Build.0 = Debug|Any CPU
		{ABFE9AA9-DE41-4A21-8E8B-6314FE4C2191}.Release|Any CPU.ActiveCfg = Release|Any CPU
		{ABFE9AA9-DE41-4A21-8E8B-6314FE4C2191}.Release|Any CPU.Build.0 = Release|Any CPU
		{61A33296-366A-4C37-BFDF-664A1A324161}.Debug|Any CPU.ActiveCfg = Debug|Any CPU
		{61A33296-366A-4C37-BFDF-664A1A324161}.Debug|Any CPU.Build.0 = Debug|Any CPU
		{61A33296-366A-4C37-BFDF-664A1A324161}.Release|Any CPU.ActiveCfg = Release|Any CPU
		{61A33296-366A-4C37-BFDF-664A1A324161}.Release|Any CPU.Build.0 = Release|Any CPU
	EndGlobalSection
	GlobalSection(SolutionProperties) = preSolution
		HideSolutionNode = FALSE
	EndGlobalSection
	GlobalSection(NestedProjects) = preSolution
		{AF4FEA11-9443-4C21-95DE-995421A5CA2E} = {BC42F549-8B49-403D-A48B-FC27FC0EE45E}
		{3D25EEED-6D9C-4446-98B0-E9A946B757DB} = {BC42F549-8B49-403D-A48B-FC27FC0EE45E}
		{C25D9123-29B9-4456-A48F-9D3D9E7649BB} = {BC42F549-8B49-403D-A48B-FC27FC0EE45E}
		{D09882B7-FCDA-4065-A7EF-95DA7D90E727} = {47590640-D2F2-42AA-A507-56AABF13D951}
		{C2B6D78A-1E10-43DA-BBC6-A996F875116D} = {47590640-D2F2-42AA-A507-56AABF13D951}
		{6414E8FB-C23D-4457-996C-0F6644646A88} = {47590640-D2F2-42AA-A507-56AABF13D951}
		{A291AA59-5FBC-4201-B4B5-139A87122B03} = {47590640-D2F2-42AA-A507-56AABF13D951}
		{A393017C-CC7F-498B-8CEC-28D6BC4B273E} = {47590640-D2F2-42AA-A507-56AABF13D951}
		{ABFE9AA9-DE41-4A21-8E8B-6314FE4C2191} = {47590640-D2F2-42AA-A507-56AABF13D951}
		{61A33296-366A-4C37-BFDF-664A1A324161} = {0F60219B-8DAD-4CC2-8E2A-ACCB35B8C2E0}
	EndGlobalSection
	GlobalSection(ExtensibilityGlobals) = postSolution
		SolutionGuid = {647408F8-095C-47FA-B15C-66368B1175B0}
	EndGlobalSection
EndGlobal
